
Microsoft Visual Studio Solution File, Format Version 12.00
# Visual Studio Version 16
VisualStudioVersion = 16.0.30804.86
MinimumVisualStudioVersion = 10.0.40219.1
Project("{778DAE3C-4631-46EA-AA77-85C1314464D9}") = "suswin", "suswin\suswin.vbproj", "{11072FE8-3DA8-4CA4-9F45-A730347EB8C2}"
EndProject
Global
	GlobalSection(SolutionConfigurationPlatforms) = preSolution
		Debug|Any CPU = Debug|Any CPU
		Release|Any CPU = Release|Any CPU
	EndGlobalSection
	GlobalSection(ProjectConfigurationPlatforms) = postSolution
		{11072FE8-3DA8-4CA4-9F45-A730347EB8C2}.Debug|Any CPU.ActiveCfg = Debug|Any CPU
		{11072FE8-3DA8-4CA4-9F45-A730347EB8C2}.Debug|Any CPU.Build.0 = Debug|Any CPU
		{11072FE8-3DA8-4CA4-9F45-A730347EB8C2}.Release|Any CPU.ActiveCfg = Debug|Any CPU
		{11072FE8-3DA8-4CA4-9F45-A730347EB8C2}.Release|Any CPU.Build.0 = Debug|Any CPU
	EndGlobalSection
	GlobalSection(SolutionProperties) = preSolution
		HideSolutionNode = FALSE
	EndGlobalSection
	GlobalSection(ExtensibilityGlobals) = postSolution
		SolutionGuid = {49195CF2-3BB2-4ED6-9D35-AB63282CB355}
	EndGlobalSection
EndGlobal
